{
  "nodes": {
    "nixpkgs": {
      "locked": {
        "lastModified": 1691654369,
        "narHash": "sha256-gSILTEx1jRaJjwZxRlnu3ZwMn1FVNk80qlwiCX8kmpo=",
        "owner": "nixos",
        "repo": "nixpkgs",
        "rev": "ce5e4a6ef2e59d89a971bc434ca8ca222b9c7f5e",
        "type": "github"
      },
      "original": {
        "owner": "nixos",
        "ref": "nixos-unstable",
        "repo": "nixpkgs",
        "type": "github"
      }
    },
    "nixpkgs-stable": {
      "locked": {
        "lastModified": 1690066826,
        "narHash": "sha256-6L2qb+Zc0BFkh72OS9uuX637gniOjzU6qCDBpjB2LGY=",
        "owner": "NixOS",
        "repo": "nixpkgs",
        "rev": "ce45b591975d070044ca24e3003c830d26fea1c8",
        "type": "github"
      },
      "original": {
        "owner": "NixOS",
        "ref": "release-23.05",
        "repo": "nixpkgs",
        "type": "github"
      }
    },
    "root": {
      "inputs": {
        "nixpkgs": "nixpkgs",
        "sops-nix": "sops-nix"
      }
    },
    "sops-nix": {
      "inputs": {
        "nixpkgs": [
          "nixpkgs"
        ],
        "nixpkgs-stable": "nixpkgs-stable"
      },
      "locked": {
        "lastModified": 1690199016,
        "narHash": "sha256-yTLL72q6aqGmzHq+C3rDp3rIjno7EJZkFLof6Ika7cE=",
        "owner": "Mic92",
        "repo": "sops-nix",
        "rev": "c36df4fe4bf4bb87759b1891cab21e7a05219500",
        "type": "github"
      },
      "original": {
        "owner": "Mic92",
        "repo": "sops-nix",
        "type": "github"
      }
    }
  },
  "root": "root",
  "version": 7
}
