{
  "nodes": {
    "nixpkgs": {
      "locked": {
        "lastModified": 1680758185,
        "narHash": "sha256-sCVWwfnk7zEX8Z+OItiH+pcSklrlsLZ4TJTtnxAYREw=",
        "owner": "nixos",
        "repo": "nixpkgs",
        "rev": "0e19daa510e47a40e06257e205965f3b96ce0ac9",
        "type": "github"
      },
      "original": {
        "owner": "nixos",
        "ref": "nixos-unstable",
        "repo": "nixpkgs",
        "type": "github"
      }
    },
    "nixpkgs-stable": {
      "locked": {
        "lastModified": 1680390120,
        "narHash": "sha256-RyDJcG/7mfimadlo8vO0QjW22mvYH1+cCqMuigUntr8=",
        "owner": "NixOS",
        "repo": "nixpkgs",
        "rev": "c1e2efaca8d8a3db6a36f652765d6c6ba7bb8fae",
        "type": "github"
      },
      "original": {
        "owner": "NixOS",
        "ref": "release-22.11",
        "repo": "nixpkgs",
        "type": "github"
      }
    },
    "root": {
      "inputs": {
        "nixpkgs": "nixpkgs",
        "sops-nix": "sops-nix"
      }
    },
    "sops-nix": {
      "inputs": {
        "nixpkgs": [
          "nixpkgs"
        ],
        "nixpkgs-stable": "nixpkgs-stable"
      },
      "locked": {
        "lastModified": 1680404136,
        "narHash": "sha256-06D8HJmRv4DdpEQGblMhx2Vm81SBWM61XBBIx7QQfo0=",
        "owner": "Mic92",
        "repo": "sops-nix",
        "rev": "b93eb910f768f9788737bfed596a598557e5625d",
        "type": "github"
      },
      "original": {
        "owner": "Mic92",
        "repo": "sops-nix",
        "type": "github"
      }
    }
  },
  "root": "root",
  "version": 7
}
